
Microsoft Visual Studio Solution File, Format Version 12.00
# Visual Studio Version 16
VisualStudioVersion = 16.0.29519.181
MinimumVisualStudioVersion = 10.0.40219.1
Project("{9A19103F-16F7-4668-BE54-9A1E7A4F7556}") = "ServiceProfiles.AspNetCore.Samples.Mvc", "ServiceProfiles.AspNetCore.Samples.Mvc\ServiceProfiles.AspNetCore.Samples.Mvc.csproj", "{1B8D9F1B-2394-499A-A92E-6BBCD671FE25}"
EndProject
Project("{9A19103F-16F7-4668-BE54-9A1E7A4F7556}") = "ServiceProfiles.AspNetCore", "..\Source\ServiceProfiles.AspNetCore\ServiceProfiles.AspNetCore.csproj", "{B3806B45-62CC-4BE9-830B-9D37DF6F8D8A}"
EndProject
Global
	GlobalSection(SolutionConfigurationPlatforms) = preSolution
		Debug|Any CPU = Debug|Any CPU
		Release|Any CPU = Release|Any CPU
	EndGlobalSection
	GlobalSection(ProjectConfigurationPlatforms) = postSolution
		{1B8D9F1B-2394-499A-A92E-6BBCD671FE25}.Debug|Any CPU.ActiveCfg = Debug|Any CPU
		{1B8D9F1B-2394-499A-A92E-6BBCD671FE25}.Debug|Any CPU.Build.0 = Debug|Any CPU
		{1B8D9F1B-2394-499A-A92E-6BBCD671FE25}.Release|Any CPU.ActiveCfg = Release|Any CPU
		{1B8D9F1B-2394-499A-A92E-6BBCD671FE25}.Release|Any CPU.Build.0 = Release|Any CPU
		{B3806B45-62CC-4BE9-830B-9D37DF6F8D8A}.Debug|Any CPU.ActiveCfg = Debug|Any CPU
		{B3806B45-62CC-4BE9-830B-9D37DF6F8D8A}.Debug|Any CPU.Build.0 = Debug|Any CPU
		{B3806B45-62CC-4BE9-830B-9D37DF6F8D8A}.Release|Any CPU.ActiveCfg = Release|Any CPU
		{B3806B45-62CC-4BE9-830B-9D37DF6F8D8A}.Release|Any CPU.Build.0 = Release|Any CPU
	EndGlobalSection
	GlobalSection(SolutionProperties) = preSolution
		HideSolutionNode = FALSE
	EndGlobalSection
	GlobalSection(ExtensibilityGlobals) = postSolution
		SolutionGuid = {FCA3FB6F-4A9F-4A01-8F89-5D299AA4A563}
	EndGlobalSection
EndGlobal
